
Microsoft Visual Studio Solution File, Format Version 12.00
# Visual Studio Version 17
VisualStudioVersion = 17.1.32421.90
MinimumVisualStudioVersion = 10.0.40219.1
Project("{9A19103F-16F7-4668-BE54-9A1E7A4F7556}") = "WpfApp1", "WpfApp1\WpfApp1.csproj", "{AA47E2F2-ED80-4B71-BE25-E477E18EE3CC}"
EndProject
Global
	GlobalSection(SolutionConfigurationPlatforms) = preSolution
		Debug|Any CPU = Debug|Any CPU
		Debug|x64 = Debug|x64
		Release|Any CPU = Release|Any CPU
		Release|x64 = Release|x64
	EndGlobalSection
	GlobalSection(ProjectConfigurationPlatforms) = postSolution
		{AA47E2F2-ED80-4B71-BE25-E477E18EE3CC}.Debug|Any CPU.ActiveCfg = Debug|Any CPU
		{AA47E2F2-ED80-4B71-BE25-E477E18EE3CC}.Debug|Any CPU.Build.0 = Debug|Any CPU
		{AA47E2F2-ED80-4B71-BE25-E477E18EE3CC}.Debug|x64.ActiveCfg = Debug|x64
		{AA47E2F2-ED80-4B71-BE25-E477E18EE3CC}.Debug|x64.Build.0 = Debug|x64
		{AA47E2F2-ED80-4B71-BE25-E477E18EE3CC}.Release|Any CPU.ActiveCfg = Release|Any CPU
		{AA47E2F2-ED80-4B71-BE25-E477E18EE3CC}.Release|Any CPU.Build.0 = Release|Any CPU
		{AA47E2F2-ED80-4B71-BE25-E477E18EE3CC}.Release|x64.ActiveCfg = Release|x64
		{AA47E2F2-ED80-4B71-BE25-E477E18EE3CC}.Release|x64.Build.0 = Release|x64
	EndGlobalSection
	GlobalSection(SolutionProperties) = preSolution
		HideSolutionNode = FALSE
	EndGlobalSection
	GlobalSection(ExtensibilityGlobals) = postSolution
		SolutionGuid = {13EA6CEE-CF0A-4889-8179-E51145066E91}
	EndGlobalSection
EndGlobal
